<?xml version="1.0" encoding="utf-8"?>
<Project ToolsVersion="4.0" xmlns="http://schemas.microsoft.com/developer/msbuild/2003">
  <ItemGroup>
    <ClCompile Include="test.cpp" />
    <ClCompile Include="src\napi.cpp" />
  </ItemGroup>
  <ItemGroup>
    <ClInclude Include="src\afd.h" />
    <ClInclude Include="src\napi.h" />
    <ClInclude Include="src\tdi.h" />
  </ItemGroup>
</Project>